// !$*UTF8*$!
{
	archiveVersion = 1;
	classes = {
	};
	objectVersion = 45;
	objects = {

/* Begin PBXBuildFile section */
		1D3623260D0F684500981E51 /* ruegenhoerenAppDelegate.m in Sources */ = {isa = PBXBuildFile; fileRef = 1D3623250D0F684500981E51 /* ruegenhoerenAppDelegate.m */; };
		1D60589B0D05DD56006BFB54 /* main.m in Sources */ = {isa = PBXBuildFile; fileRef = 29B97316FDCFA39411CA2CEA /* main.m */; };
		1D60589F0D05DD5A006BFB54 /* Foundation.framework in Frameworks */ = {isa = PBXBuildFile; fileRef = 1D30AB110D05D00D00671497 /* Foundation.framework */; };
		1DF5F4E00D08C38300B7A737 /* UIKit.framework in Frameworks */ = {isa = PBXBuildFile; fileRef = 1DF5F4DF0D08C38300B7A737 /* UIKit.framework */; };
		2892E4100DC94CBA00A64D0F /* CoreGraphics.framework in Frameworks */ = {isa = PBXBuildFile; fileRef = 2892E40F0DC94CBA00A64D0F /* CoreGraphics.framework */; };
		28AD73600D9D9599002E5188 /* MainWindow.xib in Resources */ = {isa = PBXBuildFile; fileRef = 28AD735F0D9D9599002E5188 /* MainWindow.xib */; };
		354CEAFE10850550000B9A99 /* Entitlements.plist in Resources */ = {isa = PBXBuildFile; fileRef = 354CEAFD10850550000B9A99 /* Entitlements.plist */; };
		356097CC104B1B5D00EA72D7 /* UGMapViewController.m in Sources */ = {isa = PBXBuildFile; fileRef = 356097CB104B1B5D00EA72D7 /* UGMapViewController.m */; };
		357574FC10598ED60058EB63 /* 9PM.mp3 in Resources */ = {isa = PBXBuildFile; fileRef = 357574FB10598ED60058EB63 /* 9PM.mp3 */; };
		35757518105AB7380058EB63 /* AVFoundation.framework in Frameworks */ = {isa = PBXBuildFile; fileRef = 35757517105AB7380058EB63 /* AVFoundation.framework */; };
		35757522105ABA300058EB63 /* rightarrow.png in Resources */ = {isa = PBXBuildFile; fileRef = 3575751F105ABA300058EB63 /* rightarrow.png */; };
		35757523105ABA300058EB63 /* whiteslide.png in Resources */ = {isa = PBXBuildFile; fileRef = 35757520105ABA300058EB63 /* whiteslide.png */; };
		35757524105ABA300058EB63 /* whitetrack.png in Resources */ = {isa = PBXBuildFile; fileRef = 35757521105ABA300058EB63 /* whitetrack.png */; };
		35757600105D3B5D0058EB63 /* bluetrack.png in Resources */ = {isa = PBXBuildFile; fileRef = 357575FF105D3B5D0058EB63 /* bluetrack.png */; };
		3575768A105D49D00058EB63 /* UGAudioPlayerViewController.xib in Resources */ = {isa = PBXBuildFile; fileRef = 35757689105D49D00058EB63 /* UGAudioPlayerViewController.xib */; };
		35798C9F1053C87500B91200 /* MediaPlayer.framework in Frameworks */ = {isa = PBXBuildFile; fileRef = 35798C9E1053C87500B91200 /* MediaPlayer.framework */; };
		3589979E104D95A60095A26A /* UGAudioLocationDetailViewController.xib in Resources */ = {isa = PBXBuildFile; fileRef = 3589979D104D95A60095A26A /* UGAudioLocationDetailViewController.xib */; };
		358997A8104D95EA0095A26A /* UGAudioLocationDetailViewController.m in Sources */ = {isa = PBXBuildFile; fileRef = 358997A7104D95EA0095A26A /* UGAudioLocationDetailViewController.m */; };
		358AEB02106BD3CD00CE5D1C /* LoadingHUDView.m in Sources */ = {isa = PBXBuildFile; fileRef = 358AEB01106BD3CD00CE5D1C /* LoadingHUDView.m */; };
		358AEB18106BD40F00CE5D1C /* TKOverviewHeaderView.m in Sources */ = {isa = PBXBuildFile; fileRef = 358AEB15106BD40F00CE5D1C /* TKOverviewHeaderView.m */; };
		358AEB19106BD40F00CE5D1C /* TKOverviewIndicatorView.m in Sources */ = {isa = PBXBuildFile; fileRef = 358AEB17106BD40F00CE5D1C /* TKOverviewIndicatorView.m */; };
		358AEB1C106BD43B00CE5D1C /* TKGlobal.m in Sources */ = {isa = PBXBuildFile; fileRef = 358AEB1B106BD43B00CE5D1C /* TKGlobal.m */; };
		358AEB2B106BD45200CE5D1C /* UIImageAdditions.m in Sources */ = {isa = PBXBuildFile; fileRef = 358AEB28106BD45200CE5D1C /* UIImageAdditions.m */; };
		358AEB2C106BD45200CE5D1C /* UIViewAdditions.m in Sources */ = {isa = PBXBuildFile; fileRef = 358AEB2A106BD45200CE5D1C /* UIViewAdditions.m */; };
		358AEB2F106BD45D00CE5D1C /* NSDateAdditions.m in Sources */ = {isa = PBXBuildFile; fileRef = 358AEB2E106BD45D00CE5D1C /* NSDateAdditions.m */; };
		358AEB50106BD66900CE5D1C /* MapKit.framework in Frameworks */ = {isa = PBXBuildFile; fileRef = 358AEB4F106BD66900CE5D1C /* MapKit.framework */; };
		358AEC0D106BFD3E00CE5D1C /* AudioLocationsCache.plist in Resources */ = {isa = PBXBuildFile; fileRef = 358AEC0C106BFD3E00CE5D1C /* AudioLocationsCache.plist */; };
		358AEC4E106D4C8C00CE5D1C /* descriptionPage.css in Resources */ = {isa = PBXBuildFile; fileRef = 358AEC4D106D4C8C00CE5D1C /* descriptionPage.css */; };
		35982D091051835800D7EF1C /* UGAudioPlayerViewController.m in Sources */ = {isa = PBXBuildFile; fileRef = 35982D071051835800D7EF1C /* UGAudioPlayerViewController.m */; };
		35B65BFB107FF058000DC693 /* COPYING in Resources */ = {isa = PBXBuildFile; fileRef = 35B65BFA107FF058000DC693 /* COPYING */; };
		35B65BFE107FF2B2000DC693 /* 73-radar.png in Resources */ = {isa = PBXBuildFile; fileRef = 35B65BFD107FF2B2000DC693 /* 73-radar.png */; };
		35B65C00107FF2C9000DC693 /* 103-map.png in Resources */ = {isa = PBXBuildFile; fileRef = 35B65BFF107FF2C9000DC693 /* 103-map.png */; };
		35B65C12107FF2F5000DC693 /* 28-star.png in Resources */ = {isa = PBXBuildFile; fileRef = 35B65C11107FF2F5000DC693 /* 28-star.png */; };
		35B65C3810809773000DC693 /* 06-magnifying-glass.png in Resources */ = {isa = PBXBuildFile; fileRef = 35B65C3710809773000DC693 /* 06-magnifying-glass.png */; };
		35B65CCA1080A0D6000DC693 /* Icon.png in Resources */ = {isa = PBXBuildFile; fileRef = 35B65CC91080A0D6000DC693 /* Icon.png */; };
		35B65D8710811522000DC693 /* doubleTabBarGradient.png in Resources */ = {isa = PBXBuildFile; fileRef = 35B65D8610811522000DC693 /* doubleTabBarGradient.png */; };
		35B65D8C10811AFA000DC693 /* pause.png in Resources */ = {isa = PBXBuildFile; fileRef = 35B65D8A10811AFA000DC693 /* pause.png */; };
		35B65D8D10811AFA000DC693 /* play.png in Resources */ = {isa = PBXBuildFile; fileRef = 35B65D8B10811AFA000DC693 /* play.png */; };
		35C93640104B37CB00616A86 /* UGAudioLocation.m in Sources */ = {isa = PBXBuildFile; fileRef = 35C9363F104B37CB00616A86 /* UGAudioLocation.m */; };
		35C93643104B390600616A86 /* UGAudioLocationDatabase.m in Sources */ = {isa = PBXBuildFile; fileRef = 35C93642104B390600616A86 /* UGAudioLocationDatabase.m */; };
		35E9E20D1064FB340022BA69 /* QuartzCore.framework in Frameworks */ = {isa = PBXBuildFile; fileRef = 35E9E20C1064FB340022BA69 /* QuartzCore.framework */; };
		35E9E24C1065002E0022BA69 /* UGTopicsTableViewController.m in Sources */ = {isa = PBXBuildFile; fileRef = 35E9E24B1065002E0022BA69 /* UGTopicsTableViewController.m */; };
		35E9E2E2106512290022BA69 /* UGAudioLocationsTableViewController.m in Sources */ = {isa = PBXBuildFile; fileRef = 35E9E2E1106512290022BA69 /* UGAudioLocationsTableViewController.m */; };
		35E9E37310654A460022BA69 /* UGTabBarController.m in Sources */ = {isa = PBXBuildFile; fileRef = 35E9E37210654A460022BA69 /* UGTabBarController.m */; };
		35E9E57510658E840022BA69 /* UGAudioLocationsTableViewController.xib in Resources */ = {isa = PBXBuildFile; fileRef = 35E9E57410658E840022BA69 /* UGAudioLocationsTableViewController.xib */; };
		35E9E61F10662C380022BA69 /* UGAudioLocationsDistanceTableViewController.m in Sources */ = {isa = PBXBuildFile; fileRef = 35E9E61E10662C380022BA69 /* UGAudioLocationsDistanceTableViewController.m */; };
		35E9E62610662E600022BA69 /* CoreLocation.framework in Frameworks */ = {isa = PBXBuildFile; fileRef = 35E9E62510662E600022BA69 /* CoreLocation.framework */; };
/* End PBXBuildFile section */

/* Begin PBXFileReference section */
		1D30AB110D05D00D00671497 /* Foundation.framework */ = {isa = PBXFileReference; lastKnownFileType = wrapper.framework; name = Foundation.framework; path = System/Library/Frameworks/Foundation.framework; sourceTree = SDKROOT; };
		1D3623240D0F684500981E51 /* ruegenhoerenAppDelegate.h */ = {isa = PBXFileReference; fileEncoding = 4; lastKnownFileType = sourcecode.c.h; path = ruegenhoerenAppDelegate.h; sourceTree = "<group>"; };
		1D3623250D0F684500981E51 /* ruegenhoerenAppDelegate.m */ = {isa = PBXFileReference; fileEncoding = 4; lastKnownFileType = sourcecode.c.objc; path = ruegenhoerenAppDelegate.m; sourceTree = "<group>"; };
		1D6058910D05DD3D006BFB54 /* ruegenhoeren.app */ = {isa = PBXFileReference; explicitFileType = wrapper.application; includeInIndex = 0; path = ruegenhoeren.app; sourceTree = BUILT_PRODUCTS_DIR; };
		1DF5F4DF0D08C38300B7A737 /* UIKit.framework */ = {isa = PBXFileReference; lastKnownFileType = wrapper.framework; name = UIKit.framework; path = System/Library/Frameworks/UIKit.framework; sourceTree = SDKROOT; };
		2892E40F0DC94CBA00A64D0F /* CoreGraphics.framework */ = {isa = PBXFileReference; lastKnownFileType = wrapper.framework; name = CoreGraphics.framework; path = System/Library/Frameworks/CoreGraphics.framework; sourceTree = SDKROOT; };
		28A0AAE50D9B0CCF005BE974 /* ruegenhoeren_Prefix.pch */ = {isa = PBXFileReference; fileEncoding = 4; lastKnownFileType = sourcecode.c.h; path = ruegenhoeren_Prefix.pch; sourceTree = "<group>"; };
		28AD735F0D9D9599002E5188 /* MainWindow.xib */ = {isa = PBXFileReference; lastKnownFileType = file.xib; path = MainWindow.xib; sourceTree = "<group>"; };
		29B97316FDCFA39411CA2CEA /* main.m */ = {isa = PBXFileReference; fileEncoding = 4; lastKnownFileType = sourcecode.c.objc; path = main.m; sourceTree = "<group>"; };
		354CEAFD10850550000B9A99 /* Entitlements.plist */ = {isa = PBXFileReference; fileEncoding = 4; lastKnownFileType = text.plist.xml; path = Entitlements.plist; sourceTree = "<group>"; };
		356097CA104B1B5D00EA72D7 /* UGMapViewController.h */ = {isa = PBXFileReference; fileEncoding = 4; lastKnownFileType = sourcecode.c.h; path = UGMapViewController.h; sourceTree = "<group>"; };
		356097CB104B1B5D00EA72D7 /* UGMapViewController.m */ = {isa = PBXFileReference; fileEncoding = 4; lastKnownFileType = sourcecode.c.objc; path = UGMapViewController.m; sourceTree = "<group>"; };
		357574FB10598ED60058EB63 /* 9PM.mp3 */ = {isa = PBXFileReference; lastKnownFileType = audio.mp3; name = 9PM.mp3; path = Resources/9PM.mp3; sourceTree = "<group>"; };
		35757517105AB7380058EB63 /* AVFoundation.framework */ = {isa = PBXFileReference; lastKnownFileType = wrapper.framework; name = AVFoundation.framework; path = System/Library/Frameworks/AVFoundation.framework; sourceTree = SDKROOT; };
		3575751F105ABA300058EB63 /* rightarrow.png */ = {isa = PBXFileReference; lastKnownFileType = image.png; name = rightarrow.png; path = Resources/rightarrow.png; sourceTree = "<group>"; };
		35757520105ABA300058EB63 /* whiteslide.png */ = {isa = PBXFileReference; lastKnownFileType = image.png; name = whiteslide.png; path = Resources/whiteslide.png; sourceTree = "<group>"; };
		35757521105ABA300058EB63 /* whitetrack.png */ = {isa = PBXFileReference; lastKnownFileType = image.png; name = whitetrack.png; path = Resources/whitetrack.png; sourceTree = "<group>"; };
		357575FF105D3B5D0058EB63 /* bluetrack.png */ = {isa = PBXFileReference; lastKnownFileType = image.png; name = bluetrack.png; path = Resources/bluetrack.png; sourceTree = "<group>"; };
		35757689105D49D00058EB63 /* UGAudioPlayerViewController.xib */ = {isa = PBXFileReference; lastKnownFileType = file.xib; path = UGAudioPlayerViewController.xib; sourceTree = "<group>"; };
		35798C9E1053C87500B91200 /* MediaPlayer.framework */ = {isa = PBXFileReference; lastKnownFileType = wrapper.framework; name = MediaPlayer.framework; path = System/Library/Frameworks/MediaPlayer.framework; sourceTree = SDKROOT; };
		3589979D104D95A60095A26A /* UGAudioLocationDetailViewController.xib */ = {isa = PBXFileReference; lastKnownFileType = file.xib; path = UGAudioLocationDetailViewController.xib; sourceTree = "<group>"; };
		358997A6104D95EA0095A26A /* UGAudioLocationDetailViewController.h */ = {isa = PBXFileReference; fileEncoding = 4; lastKnownFileType = sourcecode.c.h; path = UGAudioLocationDetailViewController.h; sourceTree = "<group>"; };
		358997A7104D95EA0095A26A /* UGAudioLocationDetailViewController.m */ = {isa = PBXFileReference; fileEncoding = 4; lastKnownFileType = sourcecode.c.objc; path = UGAudioLocationDetailViewController.m; sourceTree = "<group>"; };
		358AEB00106BD3CD00CE5D1C /* LoadingHUDView.h */ = {isa = PBXFileReference; fileEncoding = 4; lastKnownFileType = sourcecode.c.h; name = LoadingHUDView.h; path = ../tapkulibrary/TapkuLibrary/LoadingHUDView.h; sourceTree = SOURCE_ROOT; };
		358AEB01106BD3CD00CE5D1C /* LoadingHUDView.m */ = {isa = PBXFileReference; fileEncoding = 4; lastKnownFileType = sourcecode.c.objc; name = LoadingHUDView.m; path = ../tapkulibrary/TapkuLibrary/LoadingHUDView.m; sourceTree = SOURCE_ROOT; };
		358AEB14106BD40F00CE5D1C /* TKOverviewHeaderView.h */ = {isa = PBXFileReference; fileEncoding = 4; lastKnownFileType = sourcecode.c.h; name = TKOverviewHeaderView.h; path = ../tapkulibrary/TapkuLibrary/TKOverviewHeaderView.h; sourceTree = SOURCE_ROOT; };
		358AEB15106BD40F00CE5D1C /* TKOverviewHeaderView.m */ = {isa = PBXFileReference; fileEncoding = 4; lastKnownFileType = sourcecode.c.objc; name = TKOverviewHeaderView.m; path = ../tapkulibrary/TapkuLibrary/TKOverviewHeaderView.m; sourceTree = SOURCE_ROOT; };
		358AEB16106BD40F00CE5D1C /* TKOverviewIndicatorView.h */ = {isa = PBXFileReference; fileEncoding = 4; lastKnownFileType = sourcecode.c.h; name = TKOverviewIndicatorView.h; path = ../tapkulibrary/TapkuLibrary/TKOverviewIndicatorView.h; sourceTree = SOURCE_ROOT; };
		358AEB17106BD40F00CE5D1C /* TKOverviewIndicatorView.m */ = {isa = PBXFileReference; fileEncoding = 4; lastKnownFileType = sourcecode.c.objc; name = TKOverviewIndicatorView.m; path = ../tapkulibrary/TapkuLibrary/TKOverviewIndicatorView.m; sourceTree = SOURCE_ROOT; };
		358AEB1A106BD42500CE5D1C /* TKGlobal.h */ = {isa = PBXFileReference; fileEncoding = 4; lastKnownFileType = sourcecode.c.h; name = TKGlobal.h; path = ../tapkulibrary/TapkuLibrary/TKGlobal.h; sourceTree = SOURCE_ROOT; };
		358AEB1B106BD43B00CE5D1C /* TKGlobal.m */ = {isa = PBXFileReference; fileEncoding = 4; lastKnownFileType = sourcecode.c.objc; name = TKGlobal.m; path = ../tapkulibrary/TapkuLibrary/TKGlobal.m; sourceTree = SOURCE_ROOT; };
		358AEB27106BD45200CE5D1C /* UIImageAdditions.h */ = {isa = PBXFileReference; fileEncoding = 4; lastKnownFileType = sourcecode.c.h; name = UIImageAdditions.h; path = ../tapkulibrary/TapkuLibrary/UIImageAdditions.h; sourceTree = SOURCE_ROOT; };
		358AEB28106BD45200CE5D1C /* UIImageAdditions.m */ = {isa = PBXFileReference; fileEncoding = 4; lastKnownFileType = sourcecode.c.objc; name = UIImageAdditions.m; path = ../tapkulibrary/TapkuLibrary/UIImageAdditions.m; sourceTree = SOURCE_ROOT; };
		358AEB29106BD45200CE5D1C /* UIViewAdditions.h */ = {isa = PBXFileReference; fileEncoding = 4; lastKnownFileType = sourcecode.c.h; name = UIViewAdditions.h; path = ../tapkulibrary/TapkuLibrary/UIViewAdditions.h; sourceTree = SOURCE_ROOT; };
		358AEB2A106BD45200CE5D1C /* UIViewAdditions.m */ = {isa = PBXFileReference; fileEncoding = 4; lastKnownFileType = sourcecode.c.objc; name = UIViewAdditions.m; path = ../tapkulibrary/TapkuLibrary/UIViewAdditions.m; sourceTree = SOURCE_ROOT; };
		358AEB2D106BD45D00CE5D1C /* NSDateAdditions.h */ = {isa = PBXFileReference; fileEncoding = 4; lastKnownFileType = sourcecode.c.h; name = NSDateAdditions.h; path = ../tapkulibrary/TapkuLibrary/NSDateAdditions.h; sourceTree = SOURCE_ROOT; };
		358AEB2E106BD45D00CE5D1C /* NSDateAdditions.m */ = {isa = PBXFileReference; fileEncoding = 4; lastKnownFileType = sourcecode.c.objc; name = NSDateAdditions.m; path = ../tapkulibrary/TapkuLibrary/NSDateAdditions.m; sourceTree = SOURCE_ROOT; };
		358AEB4F106BD66900CE5D1C /* MapKit.framework */ = {isa = PBXFileReference; lastKnownFileType = wrapper.framework; name = MapKit.framework; path = System/Library/Frameworks/MapKit.framework; sourceTree = SDKROOT; };
		358AEC0C106BFD3E00CE5D1C /* AudioLocationsCache.plist */ = {isa = PBXFileReference; fileEncoding = 4; lastKnownFileType = text.plist.xml; path = AudioLocationsCache.plist; sourceTree = "<group>"; };
		358AEC4D106D4C8C00CE5D1C /* descriptionPage.css */ = {isa = PBXFileReference; fileEncoding = 4; lastKnownFileType = text.css; name = descriptionPage.css; path = Resources/descriptionPage.css; sourceTree = "<group>"; };
		35982D061051835800D7EF1C /* UGAudioPlayerViewController.h */ = {isa = PBXFileReference; fileEncoding = 4; lastKnownFileType = sourcecode.c.h; path = UGAudioPlayerViewController.h; sourceTree = "<group>"; };
		35982D071051835800D7EF1C /* UGAudioPlayerViewController.m */ = {isa = PBXFileReference; fileEncoding = 4; lastKnownFileType = sourcecode.c.objc; path = UGAudioPlayerViewController.m; sourceTree = "<group>"; };
		35B65BFA107FF058000DC693 /* COPYING */ = {isa = PBXFileReference; fileEncoding = 4; lastKnownFileType = text; path = COPYING; sourceTree = "<group>"; };
		35B65BFD107FF2B2000DC693 /* 73-radar.png */ = {isa = PBXFileReference; lastKnownFileType = image.png; path = "73-radar.png"; sourceTree = "<group>"; };
		35B65BFF107FF2C9000DC693 /* 103-map.png */ = {isa = PBXFileReference; lastKnownFileType = image.png; path = "103-map.png"; sourceTree = "<group>"; };
		35B65C11107FF2F5000DC693 /* 28-star.png */ = {isa = PBXFileReference; lastKnownFileType = image.png; path = "28-star.png"; sourceTree = "<group>"; };
		35B65C3710809773000DC693 /* 06-magnifying-glass.png */ = {isa = PBXFileReference; lastKnownFileType = image.png; path = "06-magnifying-glass.png"; sourceTree = "<group>"; };
		35B65CC91080A0D6000DC693 /* Icon.png */ = {isa = PBXFileReference; lastKnownFileType = image.png; name = Icon.png; path = Resources/Icon.png; sourceTree = "<group>"; };
		35B65D8610811522000DC693 /* doubleTabBarGradient.png */ = {isa = PBXFileReference; lastKnownFileType = image.png; path = doubleTabBarGradient.png; sourceTree = "<group>"; };
		35B65D8A10811AFA000DC693 /* pause.png */ = {isa = PBXFileReference; lastKnownFileType = image.png; name = pause.png; path = Resources/pause.png; sourceTree = "<group>"; };
		35B65D8B10811AFA000DC693 /* play.png */ = {isa = PBXFileReference; lastKnownFileType = image.png; name = play.png; path = Resources/play.png; sourceTree = "<group>"; };
		35C9363E104B37CB00616A86 /* UGAudioLocation.h */ = {isa = PBXFileReference; fileEncoding = 4; lastKnownFileType = sourcecode.c.h; path = UGAudioLocation.h; sourceTree = "<group>"; };
		35C9363F104B37CB00616A86 /* UGAudioLocation.m */ = {isa = PBXFileReference; fileEncoding = 4; lastKnownFileType = sourcecode.c.objc; path = UGAudioLocation.m; sourceTree = "<group>"; };
		35C93641104B390600616A86 /* UGAudioLocationDatabase.h */ = {isa = PBXFileReference; fileEncoding = 4; lastKnownFileType = sourcecode.c.h; path = UGAudioLocationDatabase.h; sourceTree = "<group>"; };
		35C93642104B390600616A86 /* UGAudioLocationDatabase.m */ = {isa = PBXFileReference; fileEncoding = 4; lastKnownFileType = sourcecode.c.objc; path = UGAudioLocationDatabase.m; sourceTree = "<group>"; };
		35E9E20C1064FB340022BA69 /* QuartzCore.framework */ = {isa = PBXFileReference; lastKnownFileType = wrapper.framework; name = QuartzCore.framework; path = ../../../../Volumes/Leopard/Developer/Platforms/iPhoneOS.platform/Developer/SDKs/iPhoneOS2.2.1.sdk/System/Library/Frameworks/QuartzCore.framework; sourceTree = SOURCE_ROOT; };
		35E9E24A1065002E0022BA69 /* UGTopicsTableViewController.h */ = {isa = PBXFileReference; fileEncoding = 4; lastKnownFileType = sourcecode.c.h; path = UGTopicsTableViewController.h; sourceTree = "<group>"; };
		35E9E24B1065002E0022BA69 /* UGTopicsTableViewController.m */ = {isa = PBXFileReference; fileEncoding = 4; lastKnownFileType = sourcecode.c.objc; path = UGTopicsTableViewController.m; sourceTree = "<group>"; };
		35E9E2E0106512290022BA69 /* UGAudioLocationsTableViewController.h */ = {isa = PBXFileReference; fileEncoding = 4; lastKnownFileType = sourcecode.c.h; path = UGAudioLocationsTableViewController.h; sourceTree = "<group>"; };
		35E9E2E1106512290022BA69 /* UGAudioLocationsTableViewController.m */ = {isa = PBXFileReference; fileEncoding = 4; lastKnownFileType = sourcecode.c.objc; path = UGAudioLocationsTableViewController.m; sourceTree = "<group>"; };
		35E9E37110654A460022BA69 /* UGTabBarController.h */ = {isa = PBXFileReference; fileEncoding = 4; lastKnownFileType = sourcecode.c.h; path = UGTabBarController.h; sourceTree = "<group>"; };
		35E9E37210654A460022BA69 /* UGTabBarController.m */ = {isa = PBXFileReference; fileEncoding = 4; lastKnownFileType = sourcecode.c.objc; path = UGTabBarController.m; sourceTree = "<group>"; };
		35E9E57410658E840022BA69 /* UGAudioLocationsTableViewController.xib */ = {isa = PBXFileReference; lastKnownFileType = file.xib; path = UGAudioLocationsTableViewController.xib; sourceTree = "<group>"; };
		35E9E61D10662C380022BA69 /* UGAudioLocationsDistanceTableViewController.h */ = {isa = PBXFileReference; fileEncoding = 4; lastKnownFileType = sourcecode.c.h; path = UGAudioLocationsDistanceTableViewController.h; sourceTree = "<group>"; };
		35E9E61E10662C380022BA69 /* UGAudioLocationsDistanceTableViewController.m */ = {isa = PBXFileReference; fileEncoding = 4; lastKnownFileType = sourcecode.c.objc; path = UGAudioLocationsDistanceTableViewController.m; sourceTree = "<group>"; };
		35E9E62510662E600022BA69 /* CoreLocation.framework */ = {isa = PBXFileReference; lastKnownFileType = wrapper.framework; name = CoreLocation.framework; path = ../../../../Volumes/Leopard/Developer/Platforms/iPhoneOS.platform/Developer/SDKs/iPhoneOS3.0.sdk/System/Library/Frameworks/CoreLocation.framework; sourceTree = SOURCE_ROOT; };
		8D1107310486CEB800E47090 /* Info.plist */ = {isa = PBXFileReference; fileEncoding = 4; lastKnownFileType = text.plist.xml; path = Info.plist; sourceTree = "<group>"; };
/* End PBXFileReference section */

/* Begin PBXFrameworksBuildPhase section */
		1D60588F0D05DD3D006BFB54 /* Frameworks */ = {
			isa = PBXFrameworksBuildPhase;
			buildActionMask = 2147483647;
			files = (
				1D60589F0D05DD5A006BFB54 /* Foundation.framework in Frameworks */,
				1DF5F4E00D08C38300B7A737 /* UIKit.framework in Frameworks */,
				2892E4100DC94CBA00A64D0F /* CoreGraphics.framework in Frameworks */,
				35798C9F1053C87500B91200 /* MediaPlayer.framework in Frameworks */,
				35757518105AB7380058EB63 /* AVFoundation.framework in Frameworks */,
				35E9E20D1064FB340022BA69 /* QuartzCore.framework in Frameworks */,
				35E9E62610662E600022BA69 /* CoreLocation.framework in Frameworks */,
				358AEB50106BD66900CE5D1C /* MapKit.framework in Frameworks */,
			);
			runOnlyForDeploymentPostprocessing = 0;
		};
/* End PBXFrameworksBuildPhase section */

/* Begin PBXGroup section */
		080E96DDFE201D6D7F000001 /* Classes */ = {
			isa = PBXGroup;
			children = (
				1D3623240D0F684500981E51 /* ruegenhoerenAppDelegate.h */,
				1D3623250D0F684500981E51 /* ruegenhoerenAppDelegate.m */,
				356097CA104B1B5D00EA72D7 /* UGMapViewController.h */,
				356097CB104B1B5D00EA72D7 /* UGMapViewController.m */,
				35C9363E104B37CB00616A86 /* UGAudioLocation.h */,
				35C9363F104B37CB00616A86 /* UGAudioLocation.m */,
				35C93641104B390600616A86 /* UGAudioLocationDatabase.h */,
				35C93642104B390600616A86 /* UGAudioLocationDatabase.m */,
				358997A6104D95EA0095A26A /* UGAudioLocationDetailViewController.h */,
				358997A7104D95EA0095A26A /* UGAudioLocationDetailViewController.m */,
				35982D061051835800D7EF1C /* UGAudioPlayerViewController.h */,
				35982D071051835800D7EF1C /* UGAudioPlayerViewController.m */,
				35E9E24A1065002E0022BA69 /* UGTopicsTableViewController.h */,
				35E9E24B1065002E0022BA69 /* UGTopicsTableViewController.m */,
				35E9E2E0106512290022BA69 /* UGAudioLocationsTableViewController.h */,
				35E9E2E1106512290022BA69 /* UGAudioLocationsTableViewController.m */,
				35E9E37110654A460022BA69 /* UGTabBarController.h */,
				35E9E37210654A460022BA69 /* UGTabBarController.m */,
				35E9E61D10662C380022BA69 /* UGAudioLocationsDistanceTableViewController.h */,
				35E9E61E10662C380022BA69 /* UGAudioLocationsDistanceTableViewController.m */,
			);
			path = Classes;
			sourceTree = "<group>";
		};
		19C28FACFE9D520D11CA2CBB /* Products */ = {
			isa = PBXGroup;
			children = (
				1D6058910D05DD3D006BFB54 /* ruegenhoeren.app */,
			);
			name = Products;
			sourceTree = "<group>";
		};
		29B97314FDCFA39411CA2CEA /* CustomTemplate */ = {
			isa = PBXGroup;
			children = (
				080E96DDFE201D6D7F000001 /* Classes */,
				29B97315FDCFA39411CA2CEA /* Other Sources */,
				29B97317FDCFA39411CA2CEA /* Resources */,
				29B97323FDCFA39411CA2CEA /* Frameworks */,
				19C28FACFE9D520D11CA2CBB /* Products */,
				358AEACD106BD3B300CE5D1C /* Tapku */,
				354CEAFD10850550000B9A99 /* Entitlements.plist */,
			);
			name = CustomTemplate;
			sourceTree = "<group>";
		};
		29B97315FDCFA39411CA2CEA /* Other Sources */ = {
			isa = PBXGroup;
			children = (
				28A0AAE50D9B0CCF005BE974 /* ruegenhoeren_Prefix.pch */,
				29B97316FDCFA39411CA2CEA /* main.m */,
			);
			name = "Other Sources";
			sourceTree = "<group>";
		};
		29B97317FDCFA39411CA2CEA /* Resources */ = {
			isa = PBXGroup;
			children = (
				35B65D8A10811AFA000DC693 /* pause.png */,
				35B65D8B10811AFA000DC693 /* play.png */,
				35B65D8610811522000DC693 /* doubleTabBarGradient.png */,
				35B65CC91080A0D6000DC693 /* Icon.png */,
				35B65BFD107FF2B2000DC693 /* 73-radar.png */,
				35B65BFF107FF2C9000DC693 /* 103-map.png */,
				35B65C11107FF2F5000DC693 /* 28-star.png */,
				35B65C3710809773000DC693 /* 06-magnifying-glass.png */,
				358AEC4D106D4C8C00CE5D1C /* descriptionPage.css */,
				358AEC0C106BFD3E00CE5D1C /* AudioLocationsCache.plist */,
				35757689105D49D00058EB63 /* UGAudioPlayerViewController.xib */,
				357575FF105D3B5D0058EB63 /* bluetrack.png */,
				3575751F105ABA300058EB63 /* rightarrow.png */,
				35757520105ABA300058EB63 /* whiteslide.png */,
				35757521105ABA300058EB63 /* whitetrack.png */,
				357574FB10598ED60058EB63 /* 9PM.mp3 */,
				28AD735F0D9D9599002E5188 /* MainWindow.xib */,
				8D1107310486CEB800E47090 /* Info.plist */,
				3589979D104D95A60095A26A /* UGAudioLocationDetailViewController.xib */,
				35E9E57410658E840022BA69 /* UGAudioLocationsTableViewController.xib */,
				35B65BFA107FF058000DC693 /* COPYING */,
			);
			name = Resources;
			sourceTree = "<group>";
		};
		29B97323FDCFA39411CA2CEA /* Frameworks */ = {
			isa = PBXGroup;
			children = (
				358AEB4F106BD66900CE5D1C /* MapKit.framework */,
				35E9E62510662E600022BA69 /* CoreLocation.framework */,
				35E9E20C1064FB340022BA69 /* QuartzCore.framework */,
				35757517105AB7380058EB63 /* AVFoundation.framework */,
				35798C9E1053C87500B91200 /* MediaPlayer.framework */,
				1DF5F4DF0D08C38300B7A737 /* UIKit.framework */,
				1D30AB110D05D00D00671497 /* Foundation.framework */,
				2892E40F0DC94CBA00A64D0F /* CoreGraphics.framework */,
			);
			name = Frameworks;
			sourceTree = "<group>";
		};
		358AEACD106BD3B300CE5D1C /* Tapku */ = {
			isa = PBXGroup;
			children = (
				358AEB2D106BD45D00CE5D1C /* NSDateAdditions.h */,
				358AEB2E106BD45D00CE5D1C /* NSDateAdditions.m */,
				358AEB27106BD45200CE5D1C /* UIImageAdditions.h */,
				358AEB28106BD45200CE5D1C /* UIImageAdditions.m */,
				358AEB29106BD45200CE5D1C /* UIViewAdditions.h */,
				358AEB2A106BD45200CE5D1C /* UIViewAdditions.m */,
				358AEB1A106BD42500CE5D1C /* TKGlobal.h */,
				358AEB1B106BD43B00CE5D1C /* TKGlobal.m */,
				358AEB14106BD40F00CE5D1C /* TKOverviewHeaderView.h */,
				358AEB15106BD40F00CE5D1C /* TKOverviewHeaderView.m */,
				358AEB16106BD40F00CE5D1C /* TKOverviewIndicatorView.h */,
				358AEB17106BD40F00CE5D1C /* TKOverviewIndicatorView.m */,
				358AEB00106BD3CD00CE5D1C /* LoadingHUDView.h */,
				358AEB01106BD3CD00CE5D1C /* LoadingHUDView.m */,
			);
			name = Tapku;
			sourceTree = "<group>";
		};
/* End PBXGroup section */

/* Begin PBXNativeTarget section */
		1D6058900D05DD3D006BFB54 /* ruegenhoeren */ = {
			isa = PBXNativeTarget;
			buildConfigurationList = 1D6058960D05DD3E006BFB54 /* Build configuration list for PBXNativeTarget "ruegenhoeren" */;
			buildPhases = (
				1D60588D0D05DD3D006BFB54 /* Resources */,
				1D60588E0D05DD3D006BFB54 /* Sources */,
				1D60588F0D05DD3D006BFB54 /* Frameworks */,
			);
			buildRules = (
			);
			dependencies = (
			);
			name = ruegenhoeren;
			productName = ruegenhoeren;
			productReference = 1D6058910D05DD3D006BFB54 /* ruegenhoeren.app */;
			productType = "com.apple.product-type.application";
		};
/* End PBXNativeTarget section */

/* Begin PBXProject section */
		29B97313FDCFA39411CA2CEA /* Project object */ = {
			isa = PBXProject;
			buildConfigurationList = C01FCF4E08A954540054247B /* Build configuration list for PBXProject "ruegenhoeren" */;
			compatibilityVersion = "Xcode 3.1";
			hasScannedForEncodings = 1;
			knownRegions = (
				English,
				Japanese,
				French,
				German,
				en,
			);
			mainGroup = 29B97314FDCFA39411CA2CEA /* CustomTemplate */;
			projectDirPath = "";
			projectRoot = "";
			targets = (
				1D6058900D05DD3D006BFB54 /* ruegenhoeren */,
			);
		};
/* End PBXProject section */

/* Begin PBXResourcesBuildPhase section */
		1D60588D0D05DD3D006BFB54 /* Resources */ = {
			isa = PBXResourcesBuildPhase;
			buildActionMask = 2147483647;
			files = (
				28AD73600D9D9599002E5188 /* MainWindow.xib in Resources */,
				3589979E104D95A60095A26A /* UGAudioLocationDetailViewController.xib in Resources */,
				357574FC10598ED60058EB63 /* 9PM.mp3 in Resources */,
				35757522105ABA300058EB63 /* rightarrow.png in Resources */,
				35757523105ABA300058EB63 /* whiteslide.png in Resources */,
				35757524105ABA300058EB63 /* whitetrack.png in Resources */,
				35757600105D3B5D0058EB63 /* bluetrack.png in Resources */,
				3575768A105D49D00058EB63 /* UGAudioPlayerViewController.xib in Resources */,
				35E9E57510658E840022BA69 /* UGAudioLocationsTableViewController.xib in Resources */,
				358AEC0D106BFD3E00CE5D1C /* AudioLocationsCache.plist in Resources */,
				358AEC4E106D4C8C00CE5D1C /* descriptionPage.css in Resources */,
				35B65BFB107FF058000DC693 /* COPYING in Resources */,
				35B65BFE107FF2B2000DC693 /* 73-radar.png in Resources */,
				35B65C00107FF2C9000DC693 /* 103-map.png in Resources */,
				35B65C12107FF2F5000DC693 /* 28-star.png in Resources */,
				35B65C3810809773000DC693 /* 06-magnifying-glass.png in Resources */,
				35B65CCA1080A0D6000DC693 /* Icon.png in Resources */,
				35B65D8710811522000DC693 /* doubleTabBarGradient.png in Resources */,
				35B65D8C10811AFA000DC693 /* pause.png in Resources */,
				35B65D8D10811AFA000DC693 /* play.png in Resources */,
				354CEAFE10850550000B9A99 /* Entitlements.plist in Resources */,
			);
			runOnlyForDeploymentPostprocessing = 0;
		};
/* End PBXResourcesBuildPhase section */

/* Begin PBXSourcesBuildPhase section */
		1D60588E0D05DD3D006BFB54 /* Sources */ = {
			isa = PBXSourcesBuildPhase;
			buildActionMask = 2147483647;
			files = (
				1D60589B0D05DD56006BFB54 /* main.m in Sources */,
				1D3623260D0F684500981E51 /* ruegenhoerenAppDelegate.m in Sources */,
				356097CC104B1B5D00EA72D7 /* UGMapViewController.m in Sources */,
				35C93640104B37CB00616A86 /* UGAudioLocation.m in Sources */,
				35C93643104B390600616A86 /* UGAudioLocationDatabase.m in Sources */,
				358997A8104D95EA0095A26A /* UGAudioLocationDetailViewController.m in Sources */,
				35982D091051835800D7EF1C /* UGAudioPlayerViewController.m in Sources */,
				35E9E24C1065002E0022BA69 /* UGTopicsTableViewController.m in Sources */,
				35E9E2E2106512290022BA69 /* UGAudioLocationsTableViewController.m in Sources */,
				35E9E37310654A460022BA69 /* UGTabBarController.m in Sources */,
				35E9E61F10662C380022BA69 /* UGAudioLocationsDistanceTableViewController.m in Sources */,
				358AEB02106BD3CD00CE5D1C /* LoadingHUDView.m in Sources */,
				358AEB18106BD40F00CE5D1C /* TKOverviewHeaderView.m in Sources */,
				358AEB19106BD40F00CE5D1C /* TKOverviewIndicatorView.m in Sources */,
				358AEB1C106BD43B00CE5D1C /* TKGlobal.m in Sources */,
				358AEB2B106BD45200CE5D1C /* UIImageAdditions.m in Sources */,
				358AEB2C106BD45200CE5D1C /* UIViewAdditions.m in Sources */,
				358AEB2F106BD45D00CE5D1C /* NSDateAdditions.m in Sources */,
			);
			runOnlyForDeploymentPostprocessing = 0;
		};
/* End PBXSourcesBuildPhase section */

/* Begin XCBuildConfiguration section */
		1D6058940D05DD3E006BFB54 /* Debug */ = {
			isa = XCBuildConfiguration;
			buildSettings = {
				ALWAYS_SEARCH_USER_PATHS = NO;
				COPY_PHASE_STRIP = NO;
				GCC_DYNAMIC_NO_PIC = NO;
				GCC_OPTIMIZATION_LEVEL = 0;
				GCC_PRECOMPILE_PREFIX_HEADER = YES;
				GCC_PREFIX_HEADER = ruegenhoeren_Prefix.pch;
				INFOPLIST_FILE = Info.plist;
				PRODUCT_NAME = ruegenhoeren;
			};
			name = Debug;
		};
		1D6058950D05DD3E006BFB54 /* Release */ = {
			isa = XCBuildConfiguration;
			buildSettings = {
				ALWAYS_SEARCH_USER_PATHS = NO;
				COPY_PHASE_STRIP = YES;
				GCC_PRECOMPILE_PREFIX_HEADER = YES;
				GCC_PREFIX_HEADER = ruegenhoeren_Prefix.pch;
				INFOPLIST_FILE = Info.plist;
				PRODUCT_NAME = ruegenhoeren;
			};
			name = Release;
		};
		C01FCF4F08A954540054247B /* Debug */ = {
			isa = XCBuildConfiguration;
			buildSettings = {
				ARCHS = "$(ARCHS_STANDARD_32_BIT)";
				CODE_SIGN_IDENTITY = "iPhone Developer: Leon Handreke";
				"CODE_SIGN_IDENTITY[sdk=iphoneos*]" = "iPhone Developer: Leon Handreke";
				GCC_C_LANGUAGE_STANDARD = c99;
				GCC_WARN_ABOUT_RETURN_TYPE = YES;
				GCC_WARN_UNUSED_VARIABLE = YES;
				HEADER_SEARCH_PATHS = "../tapkulibrary/**";
				ONLY_ACTIVE_ARCH = YES;
				OTHER_LDFLAGS = "-ObjC";
				PREBINDING = NO;
				SDKROOT = iphonesimulator3.0;
			};
			name = Debug;
		};
		C01FCF5008A954540054247B /* Release */ = {
			isa = XCBuildConfiguration;
			buildSettings = {
				ARCHS = "$(ARCHS_STANDARD_32_BIT)";
				CODE_SIGN_ENTITLEMENTS = Entitlements.plist;
				CODE_SIGN_IDENTITY = "iPhone Distribution";
				"CODE_SIGN_IDENTITY[sdk=iphoneos*]" = "iPhone Distribution";
				GCC_C_LANGUAGE_STANDARD = c99;
				GCC_WARN_ABOUT_RETURN_TYPE = YES;
				GCC_WARN_UNUSED_VARIABLE = YES;
				PREBINDING = NO;
				PROVISIONING_PROFILE = "";
				"PROVISIONING_PROFILE[sdk=iphoneos*]" = "";
				SDKROOT = iphoneos3.0;
			};
			name = Release;
		};
/* End XCBuildConfiguration section */

/* Begin XCConfigurationList section */
		1D6058960D05DD3E006BFB54 /* Build configuration list for PBXNativeTarget "ruegenhoeren" */ = {
			isa = XCConfigurationList;
			buildConfigurations = (
				1D6058940D05DD3E006BFB54 /* Debug */,
				1D6058950D05DD3E006BFB54 /* Release */,
			);
			defaultConfigurationIsVisible = 0;
			defaultConfigurationName = Release;
		};
		C01FCF4E08A954540054247B /* Build configuration list for PBXProject "ruegenhoeren" */ = {
			isa = XCConfigurationList;
			buildConfigurations = (
				C01FCF4F08A954540054247B /* Debug */,
				C01FCF5008A954540054247B /* Release */,
			);
			defaultConfigurationIsVisible = 0;
			defaultConfigurationName = Release;
		};
/* End XCConfigurationList section */
	};
	rootObject = 29B97313FDCFA39411CA2CEA /* Project object */;
}
